
Microsoft Visual Studio Solution File, Format Version 12.00
# Visual Studio Version 16
VisualStudioVersion = 16.0.30114.105
MinimumVisualStudioVersion = 10.0.40219.1
Project("{FAE04EC0-301F-11D3-BF4B-00C04F79EFBC}") = "OrderSystem", "OrderSystem\OrderSystem.csproj", "{9804FB44-3728-4CE8-84FA-995D1BA8E7D5}"
EndProject
Global
	GlobalSection(SolutionConfigurationPlatforms) = preSolution
		Debug|Any CPU = Debug|Any CPU
		Release|Any CPU = Release|Any CPU
	EndGlobalSection
	GlobalSection(ProjectConfigurationPlatforms) = postSolution
		{9804FB44-3728-4CE8-84FA-995D1BA8E7D5}.Debug|Any CPU.ActiveCfg = Debug|Any CPU
		{9804FB44-3728-4CE8-84FA-995D1BA8E7D5}.Debug|Any CPU.Build.0 = Debug|Any CPU
		{9804FB44-3728-4CE8-84FA-995D1BA8E7D5}.Release|Any CPU.ActiveCfg = Release|Any CPU
		{9804FB44-3728-4CE8-84FA-995D1BA8E7D5}.Release|Any CPU.Build.0 = Release|Any CPU
	EndGlobalSection
	GlobalSection(SolutionProperties) = preSolution
		HideSolutionNode = FALSE
	EndGlobalSection
	GlobalSection(ExtensibilityGlobals) = postSolution
		SolutionGuid = {7D6401F4-C694-449B-B002-18390628FB26}
	EndGlobalSection
EndGlobal
